// !$*UTF8*$!
{
	archiveVersion = 1;
	classes = {
	};
	objectVersion = 51;
	objects = {

/* Begin PBXBuildFile section */
		155B424D26876BAE006AB82E /* AppDelegate.swift in Sources */ = {isa = PBXBuildFile; fileRef = 155B424C26876BAE006AB82E /* AppDelegate.swift */; };
		155B424F26876BAE006AB82E /* SceneDelegate.swift in Sources */ = {isa = PBXBuildFile; fileRef = 155B424E26876BAE006AB82E /* SceneDelegate.swift */; };
		155B425126876BAE006AB82E /* ViewController.swift in Sources */ = {isa = PBXBuildFile; fileRef = 155B425026876BAE006AB82E /* ViewController.swift */; };
		155B425426876BAE006AB82E /* Main.storyboard in Resources */ = {isa = PBXBuildFile; fileRef = 155B425226876BAE006AB82E /* Main.storyboard */; };
		155B425626876BB0006AB82E /* Assets.xcassets in Resources */ = {isa = PBXBuildFile; fileRef = 155B425526876BB0006AB82E /* Assets.xcassets */; };
		155B425926876BB0006AB82E /* LaunchScreen.storyboard in Resources */ = {isa = PBXBuildFile; fileRef = 155B425726876BB0006AB82E /* LaunchScreen.storyboard */; };
		15CA3777268781D300DD584C /* DataModel.swift in Sources */ = {isa = PBXBuildFile; fileRef = 15CA3776268781D300DD584C /* DataModel.swift */; };
		22EE90753C4ED84E89B8C102 /* Pods_Realm_Demo.framework in Frameworks */ = {isa = PBXBuildFile; fileRef = 3A83720CE9094D4E7606196B /* Pods_Realm_Demo.framework */; };
/* End PBXBuildFile section */

/* Begin PBXFileReference section */
		010226C83500B4EB0A9EFC0B /* Pods-Realm-Demo.debug.xcconfig */ = {isa = PBXFileReference; includeInIndex = 1; lastKnownFileType = text.xcconfig; name = "Pods-Realm-Demo.debug.xcconfig"; path = "Target Support Files/Pods-Realm-Demo/Pods-Realm-Demo.debug.xcconfig"; sourceTree = "<group>"; };
		155B424926876BAE006AB82E /* Realm-Demo.app */ = {isa = PBXFileReference; explicitFileType = wrapper.application; includeInIndex = 0; path = "Realm-Demo.app"; sourceTree = BUILT_PRODUCTS_DIR; };
		155B424C26876BAE006AB82E /* AppDelegate.swift */ = {isa = PBXFileReference; lastKnownFileType = sourcecode.swift; path = AppDelegate.swift; sourceTree = "<group>"; };
		155B424E26876BAE006AB82E /* SceneDelegate.swift */ = {isa = PBXFileReference; lastKnownFileType = sourcecode.swift; path = SceneDelegate.swift; sourceTree = "<group>"; };
		155B425026876BAE006AB82E /* ViewController.swift */ = {isa = PBXFileReference; lastKnownFileType = sourcecode.swift; path = ViewController.swift; sourceTree = "<group>"; };
		155B425326876BAE006AB82E /* Base */ = {isa = PBXFileReference; lastKnownFileType = file.storyboard; name = Base; path = Base.lproj/Main.storyboard; sourceTree = "<group>"; };
		155B425526876BB0006AB82E /* Assets.xcassets */ = {isa = PBXFileReference; lastKnownFileType = folder.assetcatalog; path = Assets.xcassets; sourceTree = "<group>"; };
		155B425826876BB0006AB82E /* Base */ = {isa = PBXFileReference; lastKnownFileType = file.storyboard; name = Base; path = Base.lproj/LaunchScreen.storyboard; sourceTree = "<group>"; };
		155B425A26876BB0006AB82E /* Info.plist */ = {isa = PBXFileReference; lastKnownFileType = text.plist.xml; path = Info.plist; sourceTree = "<group>"; };
		15CA3776268781D300DD584C /* DataModel.swift */ = {isa = PBXFileReference; lastKnownFileType = sourcecode.swift; path = DataModel.swift; sourceTree = "<group>"; };
		3A83720CE9094D4E7606196B /* Pods_Realm_Demo.framework */ = {isa = PBXFileReference; explicitFileType = wrapper.framework; includeInIndex = 0; path = Pods_Realm_Demo.framework; sourceTree = BUILT_PRODUCTS_DIR; };
		F536F3EBA28BE2679C64BFBE /* Pods-Realm-Demo.release.xcconfig */ = {isa = PBXFileReference; includeInIndex = 1; lastKnownFileType = text.xcconfig; name = "Pods-Realm-Demo.release.xcconfig"; path = "Target Support Files/Pods-Realm-Demo/Pods-Realm-Demo.release.xcconfig"; sourceTree = "<group>"; };
/* End PBXFileReference section */

/* Begin PBXFrameworksBuildPhase section */
		155B424626876BAE006AB82E /* Frameworks */ = {
			isa = PBXFrameworksBuildPhase;
			buildActionMask = 2147483647;
			files = (
				22EE90753C4ED84E89B8C102 /* Pods_Realm_Demo.framework in Frameworks */,
			);
			runOnlyForDeploymentPostprocessing = 0;
		};
/* End PBXFrameworksBuildPhase section */

/* Begin PBXGroup section */
		155B424026876BAE006AB82E = {
			isa = PBXGroup;
			children = (
				155B424B26876BAE006AB82E /* Realm-Demo */,
				155B424A26876BAE006AB82E /* Products */,
				9D7301DEF6020D0D292E07D2 /* Pods */,
				A1BF243F6E8934629772D746 /* Frameworks */,
			);
			sourceTree = "<group>";
		};
		155B424A26876BAE006AB82E /* Products */ = {
			isa = PBXGroup;
			children = (
				155B424926876BAE006AB82E /* Realm-Demo.app */,
			);
			name = Products;
			sourceTree = "<group>";
		};
		155B424B26876BAE006AB82E /* Realm-Demo */ = {
			isa = PBXGroup;
			children = (
				155B424C26876BAE006AB82E /* AppDelegate.swift */,
				155B424E26876BAE006AB82E /* SceneDelegate.swift */,
				15CA3776268781D300DD584C /* DataModel.swift */,
				155B425026876BAE006AB82E /* ViewController.swift */,
				155B425226876BAE006AB82E /* Main.storyboard */,
				155B425526876BB0006AB82E /* Assets.xcassets */,
				155B425726876BB0006AB82E /* LaunchScreen.storyboard */,
				155B425A26876BB0006AB82E /* Info.plist */,
			);
			path = "Realm-Demo";
			sourceTree = "<group>";
		};
		9D7301DEF6020D0D292E07D2 /* Pods */ = {
			isa = PBXGroup;
			children = (
				010226C83500B4EB0A9EFC0B /* Pods-Realm-Demo.debug.xcconfig */,
				F536F3EBA28BE2679C64BFBE /* Pods-Realm-Demo.release.xcconfig */,
			);
			path = Pods;
			sourceTree = "<group>";
		};
		A1BF243F6E8934629772D746 /* Frameworks */ = {
			isa = PBXGroup;
			children = (
				3A83720CE9094D4E7606196B /* Pods_Realm_Demo.framework */,
			);
			name = Frameworks;
			sourceTree = "<group>";
		};
/* End PBXGroup section */

/* Begin PBXNativeTarget section */
		155B424826876BAE006AB82E /* Realm-Demo */ = {
			isa = PBXNativeTarget;
			buildConfigurationList = 155B425D26876BB0006AB82E /* Build configuration list for PBXNativeTarget "Realm-Demo" */;
			buildPhases = (
				B45816F87F11E259EA56DBAB /* [CP] Check Pods Manifest.lock */,
				155B424526876BAE006AB82E /* Sources */,
				155B424626876BAE006AB82E /* Frameworks */,
				155B424726876BAE006AB82E /* Resources */,
				87F73AC40B14664DB3C634F2 /* [CP] Embed Pods Frameworks */,
			);
			buildRules = (
			);
			dependencies = (
			);
			name = "Realm-Demo";
			productName = "Realm-Demo";
			productReference = 155B424926876BAE006AB82E /* Realm-Demo.app */;
			productType = "com.apple.product-type.application";
		};
/* End PBXNativeTarget section */

/* Begin PBXProject section */
		155B424126876BAE006AB82E /* Project object */ = {
			isa = PBXProject;
			attributes = {
				LastSwiftUpdateCheck = 1110;
				LastUpgradeCheck = 1110;
				ORGANIZATIONNAME = AhmedAmin;
				TargetAttributes = {
					155B424826876BAE006AB82E = {
						CreatedOnToolsVersion = 11.1;
					};
				};
			};
			buildConfigurationList = 155B424426876BAE006AB82E /* Build configuration list for PBXProject "Realm-Demo" */;
			compatibilityVersion = "Xcode 9.3";
			developmentRegion = en;
			hasScannedForEncodings = 0;
			knownRegions = (
				en,
				Base,
			);
			mainGroup = 155B424026876BAE006AB82E;
			productRefGroup = 155B424A26876BAE006AB82E /* Products */;
			projectDirPath = "";
			projectRoot = "";
			targets = (
				155B424826876BAE006AB82E /* Realm-Demo */,
			);
		};
/* End PBXProject section */

/* Begin PBXResourcesBuildPhase section */
		155B424726876BAE006AB82E /* Resources */ = {
			isa = PBXResourcesBuildPhase;
			buildActionMask = 2147483647;
			files = (
				155B425926876BB0006AB82E /* LaunchScreen.storyboard in Resources */,
				155B425626876BB0006AB82E /* Assets.xcassets in Resources */,
				155B425426876BAE006AB82E /* Main.storyboard in Resources */,
			);
			runOnlyForDeploymentPostprocessing = 0;
		};
/* End PBXResourcesBuildPhase section */

/* Begin PBXShellScriptBuildPhase section */
		87F73AC40B14664DB3C634F2 /* [CP] Embed Pods Frameworks */ = {
			isa = PBXShellScriptBuildPhase;
			buildActionMask = 2147483647;
			files = (
			);
			inputFileListPaths = (
				"${PODS_ROOT}/Target Support Files/Pods-Realm-Demo/Pods-Realm-Demo-frameworks-${CONFIGURATION}-input-files.xcfilelist",
			);
			name = "[CP] Embed Pods Frameworks";
			outputFileListPaths = (
				"${PODS_ROOT}/Target Support Files/Pods-Realm-Demo/Pods-Realm-Demo-frameworks-${CONFIGURATION}-output-files.xcfilelist",
			);
			runOnlyForDeploymentPostprocessing = 0;
			shellPath = /bin/sh;
			shellScript = "\"${PODS_ROOT}/Target Support Files/Pods-Realm-Demo/Pods-Realm-Demo-frameworks.sh\"\n";
			showEnvVarsInLog = 0;
		};
		B45816F87F11E259EA56DBAB /* [CP] Check Pods Manifest.lock */ = {
			isa = PBXShellScriptBuildPhase;
			buildActionMask = 2147483647;
			files = (
			);
			inputFileListPaths = (
			);
			inputPaths = (
				"${PODS_PODFILE_DIR_PATH}/Podfile.lock",
				"${PODS_ROOT}/Manifest.lock",
			);
			name = "[CP] Check Pods Manifest.lock";
			outputFileListPaths = (
			);
			outputPaths = (
				"$(DERIVED_FILE_DIR)/Pods-Realm-Demo-checkManifestLockResult.txt",
			);
			runOnlyForDeploymentPostprocessing = 0;
			shellPath = /bin/sh;
			shellScript = "diff \"${PODS_PODFILE_DIR_PATH}/Podfile.lock\" \"${PODS_ROOT}/Manifest.lock\" > /dev/null\nif [ $? != 0 ] ; then\n    # print error to STDERR\n    echo \"error: The sandbox is not in sync with the Podfile.lock. Run 'pod install' or update your CocoaPods installation.\" >&2\n    exit 1\nfi\n# This output is used by Xcode 'outputs' to avoid re-running this script phase.\necho \"SUCCESS\" > \"${SCRIPT_OUTPUT_FILE_0}\"\n";
			showEnvVarsInLog = 0;
		};
/* End PBXShellScriptBuildPhase section */

/* Begin PBXSourcesBuildPhase section */
		155B424526876BAE006AB82E /* Sources */ = {
			isa = PBXSourcesBuildPhase;
			buildActionMask = 2147483647;
			files = (
				155B425126876BAE006AB82E /* ViewController.swift in Sources */,
				15CA3777268781D300DD584C /* DataModel.swift in Sources */,
				155B424D26876BAE006AB82E /* AppDelegate.swift in Sources */,
				155B424F26876BAE006AB82E /* SceneDelegate.swift in Sources */,
			);
			runOnlyForDeploymentPostprocessing = 0;
		};
/* End PBXSourcesBuildPhase section */

/* Begin PBXVariantGroup section */
		155B425226876BAE006AB82E /* Main.storyboard */ = {
			isa = PBXVariantGroup;
			children = (
				155B425326876BAE006AB82E /* Base */,
			);
			name = Main.storyboard;
			sourceTree = "<group>";
		};
		155B425726876BB0006AB82E /* LaunchScreen.storyboard */ = {
			isa = PBXVariantGroup;
			children = (
				155B425826876BB0006AB82E /* Base */,
			);
			name = LaunchScreen.storyboard;
			sourceTree = "<group>";
		};
/* End PBXVariantGroup section */

/* Begin XCBuildConfiguration section */
		155B425B26876BB0006AB82E /* Debug */ = {
			isa = XCBuildConfiguration;
			buildSettings = {
				ALWAYS_SEARCH_USER_PATHS = NO;
				CLANG_ANALYZER_NONNULL = YES;
				CLANG_ANALYZER_NUMBER_OBJECT_CONVERSION = YES_AGGRESSIVE;
				CLANG_CXX_LANGUAGE_STANDARD = "gnu++14";
				CLANG_CXX_LIBRARY = "libc++";
				CLANG_ENABLE_MODULES = YES;
				CLANG_ENABLE_OBJC_ARC = YES;
				CLANG_ENABLE_OBJC_WEAK = YES;
				CLANG_WARN_BLOCK_CAPTURE_AUTORELEASING = YES;
				CLANG_WARN_BOOL_CONVERSION = YES;
				CLANG_WARN_COMMA = YES;
				CLANG_WARN_CONSTANT_CONVERSION = YES;
				CLANG_WARN_DEPRECATED_OBJC_IMPLEMENTATIONS = YES;
				CLANG_WARN_DIRECT_OBJC_ISA_USAGE = YES_ERROR;
				CLANG_WARN_DOCUMENTATION_COMMENTS = YES;
				CLANG_WARN_EMPTY_BODY = YES;
				CLANG_WARN_ENUM_CONVERSION = YES;
				CLANG_WARN_INFINITE_RECURSION = YES;
				CLANG_WARN_INT_CONVERSION = YES;
				CLANG_WARN_NON_LITERAL_NULL_CONVERSION = YES;
				CLANG_WARN_OBJC_IMPLICIT_RETAIN_SELF = YES;
				CLANG_WARN_OBJC_LITERAL_CONVERSION = YES;
				CLANG_WARN_OBJC_ROOT_CLASS = YES_ERROR;
				CLANG_WARN_RANGE_LOOP_ANALYSIS = YES;
				CLANG_WARN_STRICT_PROTOTYPES = YES;
				CLANG_WARN_SUSPICIOUS_MOVE = YES;
				CLANG_WARN_UNGUARDED_AVAILABILITY = YES_AGGRESSIVE;
				CLANG_WARN_UNREACHABLE_CODE = YES;
				CLANG_WARN__DUPLICATE_METHOD_MATCH = YES;
				COPY_PHASE_STRIP = NO;
				DEBUG_INFORMATION_FORMAT = dwarf;
				ENABLE_STRICT_OBJC_MSGSEND = YES;
				ENABLE_TESTABILITY = YES;
				GCC_C_LANGUAGE_STANDARD = gnu11;
				GCC_DYNAMIC_NO_PIC = NO;
				GCC_NO_COMMON_BLOCKS = YES;
				GCC_OPTIMIZATION_LEVEL = 0;
				GCC_PREPROCESSOR_DEFINITIONS = (
					"DEBUG=1",
					"$(inherited)",
				);
				GCC_WARN_64_TO_32_BIT_CONVERSION = YES;
				GCC_WARN_ABOUT_RETURN_TYPE = YES_ERROR;
				GCC_WARN_UNDECLARED_SELECTOR = YES;
				GCC_WARN_UNINITIALIZED_AUTOS = YES_AGGRESSIVE;
				GCC_WARN_UNUSED_FUNCTION = YES;
				GCC_WARN_UNUSED_VARIABLE = YES;
				IPHONEOS_DEPLOYMENT_TARGET = 13.1;
				MTL_ENABLE_DEBUG_INFO = INCLUDE_SOURCE;
				MTL_FAST_MATH = YES;
				ONLY_ACTIVE_ARCH = YES;
				SDKROOT = iphoneos;
				SWIFT_ACTIVE_COMPILATION_CONDITIONS = DEBUG;
				SWIFT_OPTIMIZATION_LEVEL = "-Onone";
			};
			name = Debug;
		};
		155B425C26876BB0006AB82E /* Release */ = {
			isa = XCBuildConfiguration;
			buildSettings = {
				ALWAYS_SEARCH_USER_PATHS = NO;
				CLANG_ANALYZER_NONNULL = YES;
				CLANG_ANALYZER_NUMBER_OBJECT_CONVERSION = YES_AGGRESSIVE;
				CLANG_CXX_LANGUAGE_STANDARD = "gnu++14";
				CLANG_CXX_LIBRARY = "libc++";
				CLANG_ENABLE_MODULES = YES;
				CLANG_ENABLE_OBJC_ARC = YES;
				CLANG_ENABLE_OBJC_WEAK = YES;
				CLANG_WARN_BLOCK_CAPTURE_AUTORELEASING = YES;
				CLANG_WARN_BOOL_CONVERSION = YES;
				CLANG_WARN_COMMA = YES;
				CLANG_WARN_CONSTANT_CONVERSION = YES;
				CLANG_WARN_DEPRECATED_OBJC_IMPLEMENTATIONS = YES;
				CLANG_WARN_DIRECT_OBJC_ISA_USAGE = YES_ERROR;
				CLANG_WARN_DOCUMENTATION_COMMENTS = YES;
				CLANG_WARN_EMPTY_BODY = YES;
				CLANG_WARN_ENUM_CONVERSION = YES;
				CLANG_WARN_INFINITE_RECURSION = YES;
				CLANG_WARN_INT_CONVERSION = YES;
				CLANG_WARN_NON_LITERAL_NULL_CONVERSION = YES;
				CLANG_WARN_OBJC_IMPLICIT_RETAIN_SELF = YES;
				CLANG_WARN_OBJC_LITERAL_CONVERSION = YES;
				CLANG_WARN_OBJC_ROOT_CLASS = YES_ERROR;
				CLANG_WARN_RANGE_LOOP_ANALYSIS = YES;
				CLANG_WARN_STRICT_PROTOTYPES = YES;
				CLANG_WARN_SUSPICIOUS_MOVE = YES;
				CLANG_WARN_UNGUARDED_AVAILABILITY = YES_AGGRESSIVE;
				CLANG_WARN_UNREACHABLE_CODE = YES;
				CLANG_WARN__DUPLICATE_METHOD_MATCH = YES;
				COPY_PHASE_STRIP = NO;
				DEBUG_INFORMATION_FORMAT = "dwarf-with-dsym";
				ENABLE_NS_ASSERTIONS = NO;
				ENABLE_STRICT_OBJC_MSGSEND = YES;
				GCC_C_LANGUAGE_STANDARD = gnu11;
				GCC_NO_COMMON_BLOCKS = YES;
				GCC_WARN_64_TO_32_BIT_CONVERSION = YES;
				GCC_WARN_ABOUT_RETURN_TYPE = YES_ERROR;
				GCC_WARN_UNDECLARED_SELECTOR = YES;
				GCC_WARN_UNINITIALIZED_AUTOS = YES_AGGRESSIVE;
				GCC_WARN_UNUSED_FUNCTION = YES;
				GCC_WARN_UNUSED_VARIABLE = YES;
				IPHONEOS_DEPLOYMENT_TARGET = 13.1;
				MTL_ENABLE_DEBUG_INFO = NO;
				MTL_FAST_MATH = YES;
				SDKROOT = iphoneos;
				SWIFT_COMPILATION_MODE = wholemodule;
				SWIFT_OPTIMIZATION_LEVEL = "-O";
				VALIDATE_PRODUCT = YES;
			};
			name = Release;
		};
		155B425E26876BB0006AB82E /* Debug */ = {
			isa = XCBuildConfiguration;
			baseConfigurationReference = 010226C83500B4EB0A9EFC0B /* Pods-Realm-Demo.debug.xcconfig */;
			buildSettings = {
				ASSETCATALOG_COMPILER_APPICON_NAME = AppIcon;
				CODE_SIGN_STYLE = Automatic;
				DEVELOPMENT_TEAM = M4SYRBQBFW;
				INFOPLIST_FILE = "Realm-Demo/Info.plist";
				LD_RUNPATH_SEARCH_PATHS = (
					"$(inherited)",
					"@executable_path/Frameworks",
				);
				PRODUCT_BUNDLE_IDENTIFIER = "com.AhmedAmin.Realm-Demo";
				PRODUCT_NAME = "$(TARGET_NAME)";
				SWIFT_VERSION = 5.0;
				TARGETED_DEVICE_FAMILY = "1,2";
			};
			name = Debug;
		};
		155B425F26876BB0006AB82E /* Release */ = {
			isa = XCBuildConfiguration;
			baseConfigurationReference = F536F3EBA28BE2679C64BFBE /* Pods-Realm-Demo.release.xcconfig */;
			buildSettings = {
				ASSETCATALOG_COMPILER_APPICON_NAME = AppIcon;
				CODE_SIGN_STYLE = Automatic;
				DEVELOPMENT_TEAM = M4SYRBQBFW;
				INFOPLIST_FILE = "Realm-Demo/Info.plist";
				LD_RUNPATH_SEARCH_PATHS = (
					"$(inherited)",
					"@executable_path/Frameworks",
				);
				PRODUCT_BUNDLE_IDENTIFIER = "com.AhmedAmin.Realm-Demo";
				PRODUCT_NAME = "$(TARGET_NAME)";
				SWIFT_VERSION = 5.0;
				TARGETED_DEVICE_FAMILY = "1,2";
			};
			name = Release;
		};
/* End XCBuildConfiguration section */

/* Begin XCConfigurationList section */
		155B424426876BAE006AB82E /* Build configuration list for PBXProject "Realm-Demo" */ = {
			isa = XCConfigurationList;
			buildConfigurations = (
				155B425B26876BB0006AB82E /* Debug */,
				155B425C26876BB0006AB82E /* Release */,
			);
			defaultConfigurationIsVisible = 0;
			defaultConfigurationName = Release;
		};
		155B425D26876BB0006AB82E /* Build configuration list for PBXNativeTarget "Realm-Demo" */ = {
			isa = XCConfigurationList;
			buildConfigurations = (
				155B425E26876BB0006AB82E /* Debug */,
				155B425F26876BB0006AB82E /* Release */,
			);
			defaultConfigurationIsVisible = 0;
			defaultConfigurationName = Release;
		};
/* End XCConfigurationList section */
	};
	rootObject = 155B424126876BAE006AB82E /* Project object */;
}
